
Microsoft Visual Studio Solution File, Format Version 12.00
# Visual Studio Version 17
VisualStudioVersion = 17.8.34601.278
MinimumVisualStudioVersion = 10.0.40219.1
Project("{FAE04EC0-301F-11D3-BF4B-00C04F79EFBC}") = "SampleOpenTelementry", "SampleOpenTelementry\SampleOpenTelementry.csproj", "{E527BB3D-7628-4E6A-AFDD-E89065BECCDB}"
EndProject
Global
	GlobalSection(SolutionConfigurationPlatforms) = preSolution
		Debug|Any CPU = Debug|Any CPU
		Release|Any CPU = Release|Any CPU
	EndGlobalSection
	GlobalSection(ProjectConfigurationPlatforms) = postSolution
		{E527BB3D-7628-4E6A-AFDD-E89065BECCDB}.Debug|Any CPU.ActiveCfg = Debug|Any CPU
		{E527BB3D-7628-4E6A-AFDD-E89065BECCDB}.Debug|Any CPU.Build.0 = Debug|Any CPU
		{E527BB3D-7628-4E6A-AFDD-E89065BECCDB}.Release|Any CPU.ActiveCfg = Release|Any CPU
		{E527BB3D-7628-4E6A-AFDD-E89065BECCDB}.Release|Any CPU.Build.0 = Release|Any CPU
	EndGlobalSection
	GlobalSection(SolutionProperties) = preSolution
		HideSolutionNode = FALSE
	EndGlobalSection
	GlobalSection(ExtensibilityGlobals) = postSolution
		SolutionGuid = {CA979E85-4639-406D-B076-D2CF3593FBD3}
	EndGlobalSection
EndGlobal
